
Microsoft Visual Studio Solution File, Format Version 12.00
# Visual Studio Version 17
VisualStudioVersion = 17.1.32414.318
MinimumVisualStudioVersion = 10.0.40219.1
Project("{9A19103F-16F7-4668-BE54-9A1E7A4F7556}") = "Units", "SizeInBytes\Units.csproj", "{37885C4C-C5DA-417E-BFF2-8B8DE751F950}"
EndProject
Project("{9A19103F-16F7-4668-BE54-9A1E7A4F7556}") = "Tests", "SizeInBytes.Tests\Tests.csproj", "{994D61B7-E9A1-400D-BA1F-00C479986DA3}"
EndProject
Project("{FAE04EC0-301F-11D3-BF4B-00C04F79EFBC}") = "ListFiles", "ListFiles\ListFiles.csproj", "{AA01894C-DA78-47E1-9198-1B81C5893977}"
EndProject
Global
	GlobalSection(SolutionConfigurationPlatforms) = preSolution
		Debug|Any CPU = Debug|Any CPU
		Release|Any CPU = Release|Any CPU
	EndGlobalSection
	GlobalSection(ProjectConfigurationPlatforms) = postSolution
		{37885C4C-C5DA-417E-BFF2-8B8DE751F950}.Debug|Any CPU.ActiveCfg = Debug|Any CPU
		{37885C4C-C5DA-417E-BFF2-8B8DE751F950}.Debug|Any CPU.Build.0 = Debug|Any CPU
		{37885C4C-C5DA-417E-BFF2-8B8DE751F950}.Release|Any CPU.ActiveCfg = Release|Any CPU
		{37885C4C-C5DA-417E-BFF2-8B8DE751F950}.Release|Any CPU.Build.0 = Release|Any CPU
		{994D61B7-E9A1-400D-BA1F-00C479986DA3}.Debug|Any CPU.ActiveCfg = Debug|Any CPU
		{994D61B7-E9A1-400D-BA1F-00C479986DA3}.Debug|Any CPU.Build.0 = Debug|Any CPU
		{994D61B7-E9A1-400D-BA1F-00C479986DA3}.Release|Any CPU.ActiveCfg = Release|Any CPU
		{994D61B7-E9A1-400D-BA1F-00C479986DA3}.Release|Any CPU.Build.0 = Release|Any CPU
		{AA01894C-DA78-47E1-9198-1B81C5893977}.Debug|Any CPU.ActiveCfg = Debug|Any CPU
		{AA01894C-DA78-47E1-9198-1B81C5893977}.Debug|Any CPU.Build.0 = Debug|Any CPU
		{AA01894C-DA78-47E1-9198-1B81C5893977}.Release|Any CPU.ActiveCfg = Release|Any CPU
		{AA01894C-DA78-47E1-9198-1B81C5893977}.Release|Any CPU.Build.0 = Release|Any CPU
	EndGlobalSection
	GlobalSection(SolutionProperties) = preSolution
		HideSolutionNode = FALSE
	EndGlobalSection
	GlobalSection(ExtensibilityGlobals) = postSolution
		SolutionGuid = {CE7C2C22-85C0-4020-B795-8630BC1F0C9D}
	EndGlobalSection
EndGlobal
